{
  "name": "VTT",
  "lockfileVersion": 3,
  "requires": true,
  "packages": {
    "": {
      "dependencies": {
        "oracledb": "^6.4.0"
      }
    },
    "node_modules/oracledb": {
      "version": "6.4.0",
      "resolved": "https://registry.npmjs.org/oracledb/-/oracledb-6.4.0.tgz",
      "integrity": "sha512-TJI08qzQlf/l7T49VojP9BoQpjEr14NXZmpSzzcLrbNs7qSl0QA/Mc9gGiEdkg5WmwH0wqUjtMC7jlf1WamlYA==",
      "hasInstallScript": true,
      "engines": {
        "node": ">=14.6"
      }
    }
  }
}
